// !$*UTF8*$!
{
	archiveVersion = 1;
	classes = {
	};
	objectVersion = 46;
	objects = {

/* Begin PBXBuildFile section */
		62FBD2391AC50304004EDFA5 /* main.m in Sources */ = {isa = PBXBuildFile; fileRef = 62FBD2381AC50304004EDFA5 /* main.m */; };
		62FBD23C1AC50304004EDFA5 /* AppDelegate.m in Sources */ = {isa = PBXBuildFile; fileRef = 62FBD23B1AC50304004EDFA5 /* AppDelegate.m */; };
		62FBD23F1AC50304004EDFA5 /* GivSum.xcdatamodeld in Sources */ = {isa = PBXBuildFile; fileRef = 62FBD23D1AC50304004EDFA5 /* GivSum.xcdatamodeld */; };
		62FBD2421AC50304004EDFA5 /* ViewController.m in Sources */ = {isa = PBXBuildFile; fileRef = 62FBD2411AC50304004EDFA5 /* ViewController.m */; };
		62FBD2451AC50304004EDFA5 /* Main.storyboard in Resources */ = {isa = PBXBuildFile; fileRef = 62FBD2431AC50304004EDFA5 /* Main.storyboard */; };
		62FBD2471AC50304004EDFA5 /* Images.xcassets in Resources */ = {isa = PBXBuildFile; fileRef = 62FBD2461AC50304004EDFA5 /* Images.xcassets */; };
		62FBD24A1AC50304004EDFA5 /* LaunchScreen.xib in Resources */ = {isa = PBXBuildFile; fileRef = 62FBD2481AC50304004EDFA5 /* LaunchScreen.xib */; };
		62FBD2561AC50304004EDFA5 /* GivSumTests.m in Sources */ = {isa = PBXBuildFile; fileRef = 62FBD2551AC50304004EDFA5 /* GivSumTests.m */; };
/* End PBXBuildFile section */

/* Begin PBXContainerItemProxy section */
		62FBD2501AC50304004EDFA5 /* PBXContainerItemProxy */ = {
			isa = PBXContainerItemProxy;
			containerPortal = 62FBD22B1AC50304004EDFA5 /* Project object */;
			proxyType = 1;
			remoteGlobalIDString = 62FBD2321AC50304004EDFA5;
			remoteInfo = GivSum;
		};
/* End PBXContainerItemProxy section */

/* Begin PBXFileReference section */
		62FBD2331AC50304004EDFA5 /* GivSum.app */ = {isa = PBXFileReference; explicitFileType = wrapper.application; includeInIndex = 0; path = GivSum.app; sourceTree = BUILT_PRODUCTS_DIR; };
		62FBD2371AC50304004EDFA5 /* Info.plist */ = {isa = PBXFileReference; lastKnownFileType = text.plist.xml; path = Info.plist; sourceTree = "<group>"; };
		62FBD2381AC50304004EDFA5 /* main.m */ = {isa = PBXFileReference; lastKnownFileType = sourcecode.c.objc; path = main.m; sourceTree = "<group>"; };
		62FBD23A1AC50304004EDFA5 /* AppDelegate.h */ = {isa = PBXFileReference; lastKnownFileType = sourcecode.c.h; path = AppDelegate.h; sourceTree = "<group>"; };
		62FBD23B1AC50304004EDFA5 /* AppDelegate.m */ = {isa = PBXFileReference; lastKnownFileType = sourcecode.c.objc; path = AppDelegate.m; sourceTree = "<group>"; };
		62FBD23E1AC50304004EDFA5 /* GivSum.xcdatamodel */ = {isa = PBXFileReference; lastKnownFileType = wrapper.xcdatamodel; path = GivSum.xcdatamodel; sourceTree = "<group>"; };
		62FBD2401AC50304004EDFA5 /* ViewController.h */ = {isa = PBXFileReference; lastKnownFileType = sourcecode.c.h; path = ViewController.h; sourceTree = "<group>"; };
		62FBD2411AC50304004EDFA5 /* ViewController.m */ = {isa = PBXFileReference; lastKnownFileType = sourcecode.c.objc; path = ViewController.m; sourceTree = "<group>"; };
		62FBD2441AC50304004EDFA5 /* Base */ = {isa = PBXFileReference; lastKnownFileType = file.storyboard; name = Base; path = Base.lproj/Main.storyboard; sourceTree = "<group>"; };
		62FBD2461AC50304004EDFA5 /* Images.xcassets */ = {isa = PBXFileReference; lastKnownFileType = folder.assetcatalog; path = Images.xcassets; sourceTree = "<group>"; };
		62FBD2491AC50304004EDFA5 /* Base */ = {isa = PBXFileReference; lastKnownFileType = file.xib; name = Base; path = Base.lproj/LaunchScreen.xib; sourceTree = "<group>"; };
		62FBD24F1AC50304004EDFA5 /* GivSumTests.xctest */ = {isa = PBXFileReference; explicitFileType = wrapper.cfbundle; includeInIndex = 0; path = GivSumTests.xctest; sourceTree = BUILT_PRODUCTS_DIR; };
		62FBD2541AC50304004EDFA5 /* Info.plist */ = {isa = PBXFileReference; lastKnownFileType = text.plist.xml; path = Info.plist; sourceTree = "<group>"; };
		62FBD2551AC50304004EDFA5 /* GivSumTests.m */ = {isa = PBXFileReference; lastKnownFileType = sourcecode.c.objc; path = GivSumTests.m; sourceTree = "<group>"; };
/* End PBXFileReference section */

/* Begin PBXFrameworksBuildPhase section */
		62FBD2301AC50304004EDFA5 /* Frameworks */ = {
			isa = PBXFrameworksBuildPhase;
			buildActionMask = 2147483647;
			files = (
			);
			runOnlyForDeploymentPostprocessing = 0;
		};
		62FBD24C1AC50304004EDFA5 /* Frameworks */ = {
			isa = PBXFrameworksBuildPhase;
			buildActionMask = 2147483647;
			files = (
			);
			runOnlyForDeploymentPostprocessing = 0;
		};
/* End PBXFrameworksBuildPhase section */

/* Begin PBXGroup section */
		62FBD22A1AC50304004EDFA5 = {
			isa = PBXGroup;
			children = (
				62FBD2351AC50304004EDFA5 /* GivSum */,
				62FBD2521AC50304004EDFA5 /* GivSumTests */,
				62FBD2341AC50304004EDFA5 /* Products */,
			);
			sourceTree = "<group>";
		};
		62FBD2341AC50304004EDFA5 /* Products */ = {
			isa = PBXGroup;
			children = (
				62FBD2331AC50304004EDFA5 /* GivSum.app */,
				62FBD24F1AC50304004EDFA5 /* GivSumTests.xctest */,
			);
			name = Products;
			sourceTree = "<group>";
		};
		62FBD2351AC50304004EDFA5 /* GivSum */ = {
			isa = PBXGroup;
			children = (
				62FBD23A1AC50304004EDFA5 /* AppDelegate.h */,
				62FBD23B1AC50304004EDFA5 /* AppDelegate.m */,
				62FBD2401AC50304004EDFA5 /* ViewController.h */,
				62FBD2411AC50304004EDFA5 /* ViewController.m */,
				62FBD2431AC50304004EDFA5 /* Main.storyboard */,
				62FBD2461AC50304004EDFA5 /* Images.xcassets */,
				62FBD2481AC50304004EDFA5 /* LaunchScreen.xib */,
				62FBD23D1AC50304004EDFA5 /* GivSum.xcdatamodeld */,
				62FBD2361AC50304004EDFA5 /* Supporting Files */,
			);
			path = GivSum;
			sourceTree = "<group>";
		};
		62FBD2361AC50304004EDFA5 /* Supporting Files */ = {
			isa = PBXGroup;
			children = (
				62FBD2371AC50304004EDFA5 /* Info.plist */,
				62FBD2381AC50304004EDFA5 /* main.m */,
			);
			name = "Supporting Files";
			sourceTree = "<group>";
		};
		62FBD2521AC50304004EDFA5 /* GivSumTests */ = {
			isa = PBXGroup;
			children = (
				62FBD2551AC50304004EDFA5 /* GivSumTests.m */,
				62FBD2531AC50304004EDFA5 /* Supporting Files */,
			);
			path = GivSumTests;
			sourceTree = "<group>";
		};
		62FBD2531AC50304004EDFA5 /* Supporting Files */ = {
			isa = PBXGroup;
			children = (
				62FBD2541AC50304004EDFA5 /* Info.plist */,
			);
			name = "Supporting Files";
			sourceTree = "<group>";
		};
/* End PBXGroup section */

/* Begin PBXNativeTarget section */
		62FBD2321AC50304004EDFA5 /* GivSum */ = {
			isa = PBXNativeTarget;
			buildConfigurationList = 62FBD2591AC50304004EDFA5 /* Build configuration list for PBXNativeTarget "GivSum" */;
			buildPhases = (
				62FBD22F1AC50304004EDFA5 /* Sources */,
				62FBD2301AC50304004EDFA5 /* Frameworks */,
				62FBD2311AC50304004EDFA5 /* Resources */,
			);
			buildRules = (
			);
			dependencies = (
			);
			name = GivSum;
			productName = GivSum;
			productReference = 62FBD2331AC50304004EDFA5 /* GivSum.app */;
			productType = "com.apple.product-type.application";
		};
		62FBD24E1AC50304004EDFA5 /* GivSumTests */ = {
			isa = PBXNativeTarget;
			buildConfigurationList = 62FBD25C1AC50304004EDFA5 /* Build configuration list for PBXNativeTarget "GivSumTests" */;
			buildPhases = (
				62FBD24B1AC50304004EDFA5 /* Sources */,
				62FBD24C1AC50304004EDFA5 /* Frameworks */,
				62FBD24D1AC50304004EDFA5 /* Resources */,
			);
			buildRules = (
			);
			dependencies = (
				62FBD2511AC50304004EDFA5 /* PBXTargetDependency */,
			);
			name = GivSumTests;
			productName = GivSumTests;
			productReference = 62FBD24F1AC50304004EDFA5 /* GivSumTests.xctest */;
			productType = "com.apple.product-type.bundle.unit-test";
		};
/* End PBXNativeTarget section */

/* Begin PBXProject section */
		62FBD22B1AC50304004EDFA5 /* Project object */ = {
			isa = PBXProject;
			attributes = {
				LastUpgradeCheck = 0620;
				ORGANIZATIONNAME = "Mary Jenel Myers";
				TargetAttributes = {
					62FBD2321AC50304004EDFA5 = {
						CreatedOnToolsVersion = 6.2;
					};
					62FBD24E1AC50304004EDFA5 = {
						CreatedOnToolsVersion = 6.2;
						TestTargetID = 62FBD2321AC50304004EDFA5;
					};
				};
			};
			buildConfigurationList = 62FBD22E1AC50304004EDFA5 /* Build configuration list for PBXProject "GivSum" */;
			compatibilityVersion = "Xcode 3.2";
			developmentRegion = English;
			hasScannedForEncodings = 0;
			knownRegions = (
				en,
				Base,
			);
			mainGroup = 62FBD22A1AC50304004EDFA5;
			productRefGroup = 62FBD2341AC50304004EDFA5 /* Products */;
			projectDirPath = "";
			projectRoot = "";
			targets = (
				62FBD2321AC50304004EDFA5 /* GivSum */,
				62FBD24E1AC50304004EDFA5 /* GivSumTests */,
			);
		};
/* End PBXProject section */

/* Begin PBXResourcesBuildPhase section */
		62FBD2311AC50304004EDFA5 /* Resources */ = {
			isa = PBXResourcesBuildPhase;
			buildActionMask = 2147483647;
			files = (
				62FBD2451AC50304004EDFA5 /* Main.storyboard in Resources */,
				62FBD24A1AC50304004EDFA5 /* LaunchScreen.xib in Resources */,
				62FBD2471AC50304004EDFA5 /* Images.xcassets in Resources */,
			);
			runOnlyForDeploymentPostprocessing = 0;
		};
		62FBD24D1AC50304004EDFA5 /* Resources */ = {
			isa = PBXResourcesBuildPhase;
			buildActionMask = 2147483647;
			files = (
			);
			runOnlyForDeploymentPostprocessing = 0;
		};
/* End PBXResourcesBuildPhase section */

/* Begin PBXSourcesBuildPhase section */
		62FBD22F1AC50304004EDFA5 /* Sources */ = {
			isa = PBXSourcesBuildPhase;
			buildActionMask = 2147483647;
			files = (
				62FBD23F1AC50304004EDFA5 /* GivSum.xcdatamodeld in Sources */,
				62FBD23C1AC50304004EDFA5 /* AppDelegate.m in Sources */,
				62FBD2421AC50304004EDFA5 /* ViewController.m in Sources */,
				62FBD2391AC50304004EDFA5 /* main.m in Sources */,
			);
			runOnlyForDeploymentPostprocessing = 0;
		};
		62FBD24B1AC50304004EDFA5 /* Sources */ = {
			isa = PBXSourcesBuildPhase;
			buildActionMask = 2147483647;
			files = (
				62FBD2561AC50304004EDFA5 /* GivSumTests.m in Sources */,
			);
			runOnlyForDeploymentPostprocessing = 0;
		};
/* End PBXSourcesBuildPhase section */

/* Begin PBXTargetDependency section */
		62FBD2511AC50304004EDFA5 /* PBXTargetDependency */ = {
			isa = PBXTargetDependency;
			target = 62FBD2321AC50304004EDFA5 /* GivSum */;
			targetProxy = 62FBD2501AC50304004EDFA5 /* PBXContainerItemProxy */;
		};
/* End PBXTargetDependency section */

/* Begin PBXVariantGroup section */
		62FBD2431AC50304004EDFA5 /* Main.storyboard */ = {
			isa = PBXVariantGroup;
			children = (
				62FBD2441AC50304004EDFA5 /* Base */,
			);
			name = Main.storyboard;
			sourceTree = "<group>";
		};
		62FBD2481AC50304004EDFA5 /* LaunchScreen.xib */ = {
			isa = PBXVariantGroup;
			children = (
				62FBD2491AC50304004EDFA5 /* Base */,
			);
			name = LaunchScreen.xib;
			sourceTree = "<group>";
		};
/* End PBXVariantGroup section */

/* Begin XCBuildConfiguration section */
		62FBD2571AC50304004EDFA5 /* Debug */ = {
			isa = XCBuildConfiguration;
			buildSettings = {
				ALWAYS_SEARCH_USER_PATHS = NO;
				CLANG_CXX_LANGUAGE_STANDARD = "gnu++0x";
				CLANG_CXX_LIBRARY = "libc++";
				CLANG_ENABLE_MODULES = YES;
				CLANG_ENABLE_OBJC_ARC = YES;
				CLANG_WARN_BOOL_CONVERSION = YES;
				CLANG_WARN_CONSTANT_CONVERSION = YES;
				CLANG_WARN_DIRECT_OBJC_ISA_USAGE = YES_ERROR;
				CLANG_WARN_EMPTY_BODY = YES;
				CLANG_WARN_ENUM_CONVERSION = YES;
				CLANG_WARN_INT_CONVERSION = YES;
				CLANG_WARN_OBJC_ROOT_CLASS = YES_ERROR;
				CLANG_WARN_UNREACHABLE_CODE = YES;
				CLANG_WARN__DUPLICATE_METHOD_MATCH = YES;
				"CODE_SIGN_IDENTITY[sdk=iphoneos*]" = "iPhone Developer";
				COPY_PHASE_STRIP = NO;
				ENABLE_STRICT_OBJC_MSGSEND = YES;
				GCC_C_LANGUAGE_STANDARD = gnu99;
				GCC_DYNAMIC_NO_PIC = NO;
				GCC_OPTIMIZATION_LEVEL = 0;
				GCC_PREPROCESSOR_DEFINITIONS = (
					"DEBUG=1",
					"$(inherited)",
				);
				GCC_SYMBOLS_PRIVATE_EXTERN = NO;
				GCC_WARN_64_TO_32_BIT_CONVERSION = YES;
				GCC_WARN_ABOUT_RETURN_TYPE = YES_ERROR;
				GCC_WARN_UNDECLARED_SELECTOR = YES;
				GCC_WARN_UNINITIALIZED_AUTOS = YES_AGGRESSIVE;
				GCC_WARN_UNUSED_FUNCTION = YES;
				GCC_WARN_UNUSED_VARIABLE = YES;
				IPHONEOS_DEPLOYMENT_TARGET = 8.2;
				MTL_ENABLE_DEBUG_INFO = YES;
				ONLY_ACTIVE_ARCH = YES;
				SDKROOT = iphoneos;
			};
			name = Debug;
		};
		62FBD2581AC50304004EDFA5 /* Release */ = {
			isa = XCBuildConfiguration;
			buildSettings = {
				ALWAYS_SEARCH_USER_PATHS = NO;
				CLANG_CXX_LANGUAGE_STANDARD = "gnu++0x";
				CLANG_CXX_LIBRARY = "libc++";
				CLANG_ENABLE_MODULES = YES;
				CLANG_ENABLE_OBJC_ARC = YES;
				CLANG_WARN_BOOL_CONVERSION = YES;
				CLANG_WARN_CONSTANT_CONVERSION = YES;
				CLANG_WARN_DIRECT_OBJC_ISA_USAGE = YES_ERROR;
				CLANG_WARN_EMPTY_BODY = YES;
				CLANG_WARN_ENUM_CONVERSION = YES;
				CLANG_WARN_INT_CONVERSION = YES;
				CLANG_WARN_OBJC_ROOT_CLASS = YES_ERROR;
				CLANG_WARN_UNREACHABLE_CODE = YES;
				CLANG_WARN__DUPLICATE_METHOD_MATCH = YES;
				"CODE_SIGN_IDENTITY[sdk=iphoneos*]" = "iPhone Developer";
				COPY_PHASE_STRIP = NO;
				ENABLE_NS_ASSERTIONS = NO;
				ENABLE_STRICT_OBJC_MSGSEND = YES;
				GCC_C_LANGUAGE_STANDARD = gnu99;
				GCC_WARN_64_TO_32_BIT_CONVERSION = YES;
				GCC_WARN_ABOUT_RETURN_TYPE = YES_ERROR;
				GCC_WARN_UNDECLARED_SELECTOR = YES;
				GCC_WARN_UNINITIALIZED_AUTOS = YES_AGGRESSIVE;
				GCC_WARN_UNUSED_FUNCTION = YES;
				GCC_WARN_UNUSED_VARIABLE = YES;
				IPHONEOS_DEPLOYMENT_TARGET = 8.2;
				MTL_ENABLE_DEBUG_INFO = NO;
				SDKROOT = iphoneos;
				VALIDATE_PRODUCT = YES;
			};
			name = Release;
		};
		62FBD25A1AC50304004EDFA5 /* Debug */ = {
			isa = XCBuildConfiguration;
			buildSettings = {
				ASSETCATALOG_COMPILER_APPICON_NAME = AppIcon;
				INFOPLIST_FILE = GivSum/Info.plist;
				LD_RUNPATH_SEARCH_PATHS = "$(inherited) @executable_path/Frameworks";
				PRODUCT_NAME = "$(TARGET_NAME)";
			};
			name = Debug;
		};
		62FBD25B1AC50304004EDFA5 /* Release */ = {
			isa = XCBuildConfiguration;
			buildSettings = {
				ASSETCATALOG_COMPILER_APPICON_NAME = AppIcon;
				INFOPLIST_FILE = GivSum/Info.plist;
				LD_RUNPATH_SEARCH_PATHS = "$(inherited) @executable_path/Frameworks";
				PRODUCT_NAME = "$(TARGET_NAME)";
			};
			name = Release;
		};
		62FBD25D1AC50304004EDFA5 /* Debug */ = {
			isa = XCBuildConfiguration;
			buildSettings = {
				BUNDLE_LOADER = "$(TEST_HOST)";
				FRAMEWORK_SEARCH_PATHS = (
					"$(SDKROOT)/Developer/Library/Frameworks",
					"$(inherited)",
				);
				GCC_PREPROCESSOR_DEFINITIONS = (
					"DEBUG=1",
					"$(inherited)",
				);
				INFOPLIST_FILE = GivSumTests/Info.plist;
				LD_RUNPATH_SEARCH_PATHS = "$(inherited) @executable_path/Frameworks @loader_path/Frameworks";
				PRODUCT_NAME = "$(TARGET_NAME)";
				TEST_HOST = "$(BUILT_PRODUCTS_DIR)/GivSum.app/GivSum";
			};
			name = Debug;
		};
		62FBD25E1AC50304004EDFA5 /* Release */ = {
			isa = XCBuildConfiguration;
			buildSettings = {
				BUNDLE_LOADER = "$(TEST_HOST)";
				FRAMEWORK_SEARCH_PATHS = (
					"$(SDKROOT)/Developer/Library/Frameworks",
					"$(inherited)",
				);
				INFOPLIST_FILE = GivSumTests/Info.plist;
				LD_RUNPATH_SEARCH_PATHS = "$(inherited) @executable_path/Frameworks @loader_path/Frameworks";
				PRODUCT_NAME = "$(TARGET_NAME)";
				TEST_HOST = "$(BUILT_PRODUCTS_DIR)/GivSum.app/GivSum";
			};
			name = Release;
		};
/* End XCBuildConfiguration section */

/* Begin XCConfigurationList section */
		62FBD22E1AC50304004EDFA5 /* Build configuration list for PBXProject "GivSum" */ = {
			isa = XCConfigurationList;
			buildConfigurations = (
				62FBD2571AC50304004EDFA5 /* Debug */,
				62FBD2581AC50304004EDFA5 /* Release */,
			);
			defaultConfigurationIsVisible = 0;
			defaultConfigurationName = Release;
		};
		62FBD2591AC50304004EDFA5 /* Build configuration list for PBXNativeTarget "GivSum" */ = {
			isa = XCConfigurationList;
			buildConfigurations = (
				62FBD25A1AC50304004EDFA5 /* Debug */,
				62FBD25B1AC50304004EDFA5 /* Release */,
			);
			defaultConfigurationIsVisible = 0;
		};
		62FBD25C1AC50304004EDFA5 /* Build configuration list for PBXNativeTarget "GivSumTests" */ = {
			isa = XCConfigurationList;
			buildConfigurations = (
				62FBD25D1AC50304004EDFA5 /* Debug */,
				62FBD25E1AC50304004EDFA5 /* Release */,
			);
			defaultConfigurationIsVisible = 0;
		};
/* End XCConfigurationList section */

/* Begin XCVersionGroup section */
		62FBD23D1AC50304004EDFA5 /* GivSum.xcdatamodeld */ = {
			isa = XCVersionGroup;
			children = (
				62FBD23E1AC50304004EDFA5 /* GivSum.xcdatamodel */,
			);
			currentVersion = 62FBD23E1AC50304004EDFA5 /* GivSum.xcdatamodel */;
			path = GivSum.xcdatamodeld;
			sourceTree = "<group>";
			versionGroupType = wrapper.xcdatamodel;
		};
/* End XCVersionGroup section */
	};
	rootObject = 62FBD22B1AC50304004EDFA5 /* Project object */;
}
